
Microsoft Visual Studio Solution File, Format Version 12.00
# Visual Studio Version 16
VisualStudioVersion = 16.0.31624.102
MinimumVisualStudioVersion = 10.0.40219.1
Project("{8BC9CEB8-8B4A-11D0-8D11-00A0C91BC942}") = "CE205LinkedList", "CE205LinkedList\CE205LinkedList.vcxproj", "{9403A8AF-3AF4-414A-A877-5CCB2F4AC3A4}"
EndProject
Project("{8BC9CEB8-8B4A-11D0-8D11-00A0C91BC942}") = "CE205LinkedListUnitTest", "CE205LinkedListUnitTest\CE205LinkedListUnitTest.vcxproj", "{BC9457A1-8775-45B5-9601-821032505674}"
EndProject
Project("{8BC9CEB8-8B4A-11D0-8D11-00A0C91BC942}") = "CE205LinkedListPerformance", "CE205LinkedListPerformance\CE205LinkedListPerformance.vcxproj", "{97034041-EB79-4437-872B-9B906B75DA6B}"
EndProject
Global
	GlobalSection(SolutionConfigurationPlatforms) = preSolution
		Debug|x64 = Debug|x64
		Debug|x86 = Debug|x86
		Release|x64 = Release|x64
		Release|x86 = Release|x86
	EndGlobalSection
	GlobalSection(ProjectConfigurationPlatforms) = postSolution
		{9403A8AF-3AF4-414A-A877-5CCB2F4AC3A4}.Debug|x64.ActiveCfg = Debug|x64
		{9403A8AF-3AF4-414A-A877-5CCB2F4AC3A4}.Debug|x64.Build.0 = Debug|x64
		{9403A8AF-3AF4-414A-A877-5CCB2F4AC3A4}.Debug|x86.ActiveCfg = Debug|Win32
		{9403A8AF-3AF4-414A-A877-5CCB2F4AC3A4}.Debug|x86.Build.0 = Debug|Win32
		{9403A8AF-3AF4-414A-A877-5CCB2F4AC3A4}.Release|x64.ActiveCfg = Release|x64
		{9403A8AF-3AF4-414A-A877-5CCB2F4AC3A4}.Release|x64.Build.0 = Release|x64
		{9403A8AF-3AF4-414A-A877-5CCB2F4AC3A4}.Release|x86.ActiveCfg = Release|Win32
		{9403A8AF-3AF4-414A-A877-5CCB2F4AC3A4}.Release|x86.Build.0 = Release|Win32
		{BC9457A1-8775-45B5-9601-821032505674}.Debug|x64.ActiveCfg = Debug|x64
		{BC9457A1-8775-45B5-9601-821032505674}.Debug|x64.Build.0 = Debug|x64
		{BC9457A1-8775-45B5-9601-821032505674}.Debug|x86.ActiveCfg = Debug|Win32
		{BC9457A1-8775-45B5-9601-821032505674}.Debug|x86.Build.0 = Debug|Win32
		{BC9457A1-8775-45B5-9601-821032505674}.Release|x64.ActiveCfg = Release|x64
		{BC9457A1-8775-45B5-9601-821032505674}.Release|x64.Build.0 = Release|x64
		{BC9457A1-8775-45B5-9601-821032505674}.Release|x86.ActiveCfg = Release|Win32
		{BC9457A1-8775-45B5-9601-821032505674}.Release|x86.Build.0 = Release|Win32
		{97034041-EB79-4437-872B-9B906B75DA6B}.Debug|x64.ActiveCfg = Debug|x64
		{97034041-EB79-4437-872B-9B906B75DA6B}.Debug|x64.Build.0 = Debug|x64
		{97034041-EB79-4437-872B-9B906B75DA6B}.Debug|x86.ActiveCfg = Debug|Win32
		{97034041-EB79-4437-872B-9B906B75DA6B}.Debug|x86.Build.0 = Debug|Win32
		{97034041-EB79-4437-872B-9B906B75DA6B}.Release|x64.ActiveCfg = Release|x64
		{97034041-EB79-4437-872B-9B906B75DA6B}.Release|x64.Build.0 = Release|x64
		{97034041-EB79-4437-872B-9B906B75DA6B}.Release|x86.ActiveCfg = Release|Win32
		{97034041-EB79-4437-872B-9B906B75DA6B}.Release|x86.Build.0 = Release|Win32
	EndGlobalSection
	GlobalSection(SolutionProperties) = preSolution
		HideSolutionNode = FALSE
	EndGlobalSection
	GlobalSection(ExtensibilityGlobals) = postSolution
		SolutionGuid = {71651EAA-706E-4F43-A9BE-EA68FFA626AE}
	EndGlobalSection
EndGlobal
